# THIS IS AN AUTOGENERATED FILE. DO NOT EDIT THIS FILE DIRECTLY.
# yarn lockfile v1


react-collapse@^5.1.0:
  version "5.1.0"
  resolved "https://registry.yarnpkg.com/react-collapse/-/react-collapse-5.1.0.tgz#36f69ecb0fe797f976aaf5e4f2b2c248d2760140"
  integrity sha512-5v0ywsn9HjiR/odNzbRDs0RZfrnbdSippJebWOBCFFDA12Vx8DddrbI4qWVf1P2wTiVagrpcSy07AU0b6+gM9Q==
